// !$*UTF8*$!
{
	archiveVersion = 1;
	classes = {
	};
	objectVersion = 46;
	objects = {

/* Begin PBXBuildFile section */
		29107A3A1B271FB6007AB752 /* main.m in Sources */ = {isa = PBXBuildFile; fileRef = 29107A391B271FB6007AB752 /* main.m */; };
		29107A3D1B271FB6007AB752 /* AppDelegate.m in Sources */ = {isa = PBXBuildFile; fileRef = 29107A3C1B271FB6007AB752 /* AppDelegate.m */; };
		29107A401B271FB6007AB752 /* TimeTree.xcdatamodeld in Sources */ = {isa = PBXBuildFile; fileRef = 29107A3E1B271FB6007AB752 /* TimeTree.xcdatamodeld */; };
		29107A431B271FB6007AB752 /* ViewController.m in Sources */ = {isa = PBXBuildFile; fileRef = 29107A421B271FB6007AB752 /* ViewController.m */; };
		29107A461B271FB6007AB752 /* Main.storyboard in Resources */ = {isa = PBXBuildFile; fileRef = 29107A441B271FB6007AB752 /* Main.storyboard */; };
		29107A481B271FB6007AB752 /* Images.xcassets in Resources */ = {isa = PBXBuildFile; fileRef = 29107A471B271FB6007AB752 /* Images.xcassets */; };
		29107A4B1B271FB6007AB752 /* LaunchScreen.xib in Resources */ = {isa = PBXBuildFile; fileRef = 29107A491B271FB6007AB752 /* LaunchScreen.xib */; };
		29107A571B271FB6007AB752 /* TimeTreeTests.m in Sources */ = {isa = PBXBuildFile; fileRef = 29107A561B271FB6007AB752 /* TimeTreeTests.m */; };
		29107A651B272003007AB752 /* FBSDKLoginKit.framework in Frameworks */ = {isa = PBXBuildFile; fileRef = 29107A621B272003007AB752 /* FBSDKLoginKit.framework */; };
		29107A661B272003007AB752 /* FBSDKShareKit.framework in Frameworks */ = {isa = PBXBuildFile; fileRef = 29107A631B272003007AB752 /* FBSDKShareKit.framework */; };
		29107A6A1B272645007AB752 /* LoginViewController.m in Sources */ = {isa = PBXBuildFile; fileRef = 29107A691B272645007AB752 /* LoginViewController.m */; };
		29107A6C1B272666007AB752 /* Login.storyboard in Resources */ = {isa = PBXBuildFile; fileRef = 29107A6B1B272666007AB752 /* Login.storyboard */; };
		2917462E1B34185200F0F078 /* CatalogueViewController.m in Sources */ = {isa = PBXBuildFile; fileRef = 2917462D1B34185200F0F078 /* CatalogueViewController.m */; };
		2924CEF01B33F481009E2B17 /* FBSDKLoginKit.framework in Frameworks */ = {isa = PBXBuildFile; fileRef = 29107A621B272003007AB752 /* FBSDKLoginKit.framework */; };
		2924CEF81B33F9C6009E2B17 /* AudioToolbox.framework in Frameworks */ = {isa = PBXBuildFile; fileRef = 2924CEF71B33F9C6009E2B17 /* AudioToolbox.framework */; };
		2924CEFA1B33F9D2009E2B17 /* CFNetwork.framework in Frameworks */ = {isa = PBXBuildFile; fileRef = 2924CEF91B33F9D2009E2B17 /* CFNetwork.framework */; };
		2924CEFC1B33F9E3009E2B17 /* CoreGraphics.framework in Frameworks */ = {isa = PBXBuildFile; fileRef = 2924CEFB1B33F9E3009E2B17 /* CoreGraphics.framework */; };
		2924CEFE1B33F9EC009E2B17 /* CoreLocation.framework in Frameworks */ = {isa = PBXBuildFile; fileRef = 2924CEFD1B33F9EC009E2B17 /* CoreLocation.framework */; };
		2924CF001B33F9F5009E2B17 /* MobileCoreServices.framework in Frameworks */ = {isa = PBXBuildFile; fileRef = 2924CEFF1B33F9F5009E2B17 /* MobileCoreServices.framework */; };
		2924CF021B33F9FE009E2B17 /* QuartzCore.framework in Frameworks */ = {isa = PBXBuildFile; fileRef = 2924CF011B33F9FE009E2B17 /* QuartzCore.framework */; };
		2924CF041B33FA07009E2B17 /* Security.framework in Frameworks */ = {isa = PBXBuildFile; fileRef = 2924CF031B33FA07009E2B17 /* Security.framework */; };
		2924CF061B33FA11009E2B17 /* StoreKit.framework in Frameworks */ = {isa = PBXBuildFile; fileRef = 2924CF051B33FA11009E2B17 /* StoreKit.framework */; };
		2924CF081B33FA19009E2B17 /* SystemConfiguration.framework in Frameworks */ = {isa = PBXBuildFile; fileRef = 2924CF071B33FA19009E2B17 /* SystemConfiguration.framework */; };
		2924CF0A1B33FA22009E2B17 /* libz.dylib in Frameworks */ = {isa = PBXBuildFile; fileRef = 2924CF091B33FA22009E2B17 /* libz.dylib */; };
		2924CF0C1B33FA2D009E2B17 /* libsqlite3.dylib in Frameworks */ = {isa = PBXBuildFile; fileRef = 2924CF0B1B33FA2D009E2B17 /* libsqlite3.dylib */; };
		2924CF0E1B33FA41009E2B17 /* Accounts.framework in Frameworks */ = {isa = PBXBuildFile; fileRef = 2924CF0D1B33FA41009E2B17 /* Accounts.framework */; };
		2924CF101B33FA4A009E2B17 /* Social.framework in Frameworks */ = {isa = PBXBuildFile; fileRef = 2924CF0F1B33FA4A009E2B17 /* Social.framework */; };
		2924CF151B33FEC5009E2B17 /* Bolts.framework in Frameworks */ = {isa = PBXBuildFile; fileRef = 2924CF111B33FC7E009E2B17 /* Bolts.framework */; };
		2924CF161B33FEC5009E2B17 /* Parse.framework in Frameworks */ = {isa = PBXBuildFile; fileRef = 2924CF121B33FC7E009E2B17 /* Parse.framework */; };
		2924CF181B3408FB009E2B17 /* ParseFacebookUtils.framework in Frameworks */ = {isa = PBXBuildFile; fileRef = 2924CF171B3408FB009E2B17 /* ParseFacebookUtils.framework */; };
		2924CF1A1B340ADD009E2B17 /* FacebookSDK.framework in Frameworks */ = {isa = PBXBuildFile; fileRef = 2924CF191B340ADD009E2B17 /* FacebookSDK.framework */; };
		2924CF1D1B340DEC009E2B17 /* Comms.m in Sources */ = {isa = PBXBuildFile; fileRef = 2924CF1C1B340DEC009E2B17 /* Comms.m */; };
		2944F8731B5BC8430074F94B /* Accelerate.framework in Frameworks */ = {isa = PBXBuildFile; fileRef = 2944F8721B5BC8430074F94B /* Accelerate.framework */; };
		2944F8771B5BCA910074F94B /* MenuTableViewController.m in Sources */ = {isa = PBXBuildFile; fileRef = 2944F8761B5BCA910074F94B /* MenuTableViewController.m */; };
		2944F87A1B5BCABD0074F94B /* NavigationVC.m in Sources */ = {isa = PBXBuildFile; fileRef = 2944F8791B5BCABD0074F94B /* NavigationVC.m */; };
		2944F8881B5BCB460074F94B /* RECommonFunctions.m in Sources */ = {isa = PBXBuildFile; fileRef = 2944F87D1B5BCB460074F94B /* RECommonFunctions.m */; };
		2944F8891B5BCB460074F94B /* REFrostedContainerViewController.m in Sources */ = {isa = PBXBuildFile; fileRef = 2944F87F1B5BCB460074F94B /* REFrostedContainerViewController.m */; };
		2944F88A1B5BCB460074F94B /* REFrostedViewController.m in Sources */ = {isa = PBXBuildFile; fileRef = 2944F8811B5BCB460074F94B /* REFrostedViewController.m */; };
		2944F88B1B5BCB460074F94B /* UIImage+REFrostedViewController.m in Sources */ = {isa = PBXBuildFile; fileRef = 2944F8831B5BCB460074F94B /* UIImage+REFrostedViewController.m */; };
		2944F88C1B5BCB460074F94B /* UIView+REFrostedViewController.m in Sources */ = {isa = PBXBuildFile; fileRef = 2944F8851B5BCB460074F94B /* UIView+REFrostedViewController.m */; };
		2944F88D1B5BCB460074F94B /* UIViewController+REFrostedViewController.m in Sources */ = {isa = PBXBuildFile; fileRef = 2944F8871B5BCB460074F94B /* UIViewController+REFrostedViewController.m */; };
		295F2EEB1B50F830008A9767 /* CatalogueTableVC.m in Sources */ = {isa = PBXBuildFile; fileRef = 295F2EEA1B50F830008A9767 /* CatalogueTableVC.m */; };
		2961A2191B5105E400DB1A97 /* TimeTree.storyboard in Resources */ = {isa = PBXBuildFile; fileRef = 2961A2181B5105E400DB1A97 /* TimeTree.storyboard */; };
		2961A21C1B57DFB300DB1A97 /* TimeTreeTableVC.m in Sources */ = {isa = PBXBuildFile; fileRef = 2961A21B1B57DFB300DB1A97 /* TimeTreeTableVC.m */; };
		2961A21F1B57E12000DB1A97 /* TimeTreeTableViewCell.m in Sources */ = {isa = PBXBuildFile; fileRef = 2961A21E1B57E12000DB1A97 /* TimeTreeTableViewCell.m */; };
		2986EA671B3449EF0081AC33 /* FBSDKCoreKit.framework in Frameworks */ = {isa = PBXBuildFile; fileRef = 2986EA661B3449EF0081AC33 /* FBSDKCoreKit.framework */; };
		29EB565A1B500310005FE66B /* AsyncImageView.m in Sources */ = {isa = PBXBuildFile; fileRef = 29EB56591B500310005FE66B /* AsyncImageView.m */; };
		29EB565F1B5004D2005FE66B /* URLib.m in Sources */ = {isa = PBXBuildFile; fileRef = 29EB565E1B5004D2005FE66B /* URLib.m */; };
		29EB56621B50BFCB005FE66B /* RegisterViewController.m in Sources */ = {isa = PBXBuildFile; fileRef = 29EB56611B50BFCA005FE66B /* RegisterViewController.m */; };
		29ED36701B9C1436009D3B78 /* DataTimeTreeObj.m in Sources */ = {isa = PBXBuildFile; fileRef = 29ED366F1B9C1436009D3B78 /* DataTimeTreeObj.m */; };
		7C55F7B11B8C49F200B11549 /* CatalogueTableViewCell.m in Sources */ = {isa = PBXBuildFile; fileRef = 7C55F7B01B8C49F200B11549 /* CatalogueTableViewCell.m */; };
		7C75A59F1B83240700831C64 /* ContainerVC.m in Sources */ = {isa = PBXBuildFile; fileRef = 7C75A59E1B83240700831C64 /* ContainerVC.m */; };
		7C75A5E11B85B56900831C64 /* popVC.m in Sources */ = {isa = PBXBuildFile; fileRef = 7C75A5E01B85B56900831C64 /* popVC.m */; };
		7CBEC1F71B969296004A7E9F /* ContentVC.m in Sources */ = {isa = PBXBuildFile; fileRef = 7CBEC1F61B969296004A7E9F /* ContentVC.m */; };
		7CBEC1F91B9692AB004A7E9F /* Content.storyboard in Resources */ = {isa = PBXBuildFile; fileRef = 7CBEC1F81B9692AB004A7E9F /* Content.storyboard */; };
		7CBEC1FC1B969715004A7E9F /* EventVC.m in Sources */ = {isa = PBXBuildFile; fileRef = 7CBEC1FB1B969715004A7E9F /* EventVC.m */; };
		7CBEC2001B96C7DA004A7E9F /* ContentTableViewCell.m in Sources */ = {isa = PBXBuildFile; fileRef = 7CBEC1FF1B96C7DA004A7E9F /* ContentTableViewCell.m */; };
		7CBEC2031B96CA3C004A7E9F /* Utility.m in Sources */ = {isa = PBXBuildFile; fileRef = 7CBEC2021B96CA3C004A7E9F /* Utility.m */; };
		7CBEC2071B96CD83004A7E9F /* UIImage+ImageEffects.m in Sources */ = {isa = PBXBuildFile; fileRef = 7CBEC2061B96CD83004A7E9F /* UIImage+ImageEffects.m */; };
		7CBEC20C1B96CD94004A7E9F /* StoryCommentCell.m in Sources */ = {isa = PBXBuildFile; fileRef = 7CBEC2091B96CD94004A7E9F /* StoryCommentCell.m */; };
		7CBEC20D1B96CD94004A7E9F /* ParallaxHeaderView.m in Sources */ = {isa = PBXBuildFile; fileRef = 7CBEC20B1B96CD94004A7E9F /* ParallaxHeaderView.m */; };
		7CBEC2131B97FB03004A7E9F /* AssetsLibrary.framework in Frameworks */ = {isa = PBXBuildFile; fileRef = 7CBEC2121B97FB03004A7E9F /* AssetsLibrary.framework */; };
		7CBEC2191B985372004A7E9F /* MBProgressHUD.m in Sources */ = {isa = PBXBuildFile; fileRef = 7CBEC2181B985372004A7E9F /* MBProgressHUD.m */; };
		7CBEC21D1B994831004A7E9F /* data.m in Sources */ = {isa = PBXBuildFile; fileRef = 7CBEC21C1B994831004A7E9F /* data.m */; };
/* End PBXBuildFile section */

/* Begin PBXContainerItemProxy section */
		29107A511B271FB6007AB752 /* PBXContainerItemProxy */ = {
			isa = PBXContainerItemProxy;
			containerPortal = 29107A2C1B271FB6007AB752 /* Project object */;
			proxyType = 1;
			remoteGlobalIDString = 29107A331B271FB6007AB752;
			remoteInfo = TimeTree;
		};
/* End PBXContainerItemProxy section */

/* Begin PBXCopyFilesBuildPhase section */
		2924CEF21B33F482009E2B17 /* Embed Frameworks */ = {
			isa = PBXCopyFilesBuildPhase;
			buildActionMask = 2147483647;
			dstPath = "";
			dstSubfolderSpec = 10;
			files = (
			);
			name = "Embed Frameworks";
			runOnlyForDeploymentPostprocessing = 0;
		};
/* End PBXCopyFilesBuildPhase section */

/* Begin PBXFileReference section */
		29107A341B271FB6007AB752 /* TimeTree.app */ = {isa = PBXFileReference; explicitFileType = wrapper.application; includeInIndex = 0; path = TimeTree.app; sourceTree = BUILT_PRODUCTS_DIR; };
		29107A381B271FB6007AB752 /* Info.plist */ = {isa = PBXFileReference; lastKnownFileType = text.plist.xml; path = Info.plist; sourceTree = "<group>"; };
		29107A391B271FB6007AB752 /* main.m */ = {isa = PBXFileReference; lastKnownFileType = sourcecode.c.objc; path = main.m; sourceTree = "<group>"; };
		29107A3B1B271FB6007AB752 /* AppDelegate.h */ = {isa = PBXFileReference; lastKnownFileType = sourcecode.c.h; path = AppDelegate.h; sourceTree = "<group>"; };
		29107A3C1B271FB6007AB752 /* AppDelegate.m */ = {isa = PBXFileReference; lastKnownFileType = sourcecode.c.objc; path = AppDelegate.m; sourceTree = "<group>"; };
		29107A3F1B271FB6007AB752 /* TimeTree.xcdatamodel */ = {isa = PBXFileReference; lastKnownFileType = wrapper.xcdatamodel; path = TimeTree.xcdatamodel; sourceTree = "<group>"; };
		29107A411B271FB6007AB752 /* ViewController.h */ = {isa = PBXFileReference; lastKnownFileType = sourcecode.c.h; path = ViewController.h; sourceTree = "<group>"; };
		29107A421B271FB6007AB752 /* ViewController.m */ = {isa = PBXFileReference; lastKnownFileType = sourcecode.c.objc; path = ViewController.m; sourceTree = "<group>"; };
		29107A451B271FB6007AB752 /* Base */ = {isa = PBXFileReference; lastKnownFileType = file.storyboard; name = Base; path = Base.lproj/Main.storyboard; sourceTree = "<group>"; };
		29107A471B271FB6007AB752 /* Images.xcassets */ = {isa = PBXFileReference; lastKnownFileType = folder.assetcatalog; path = Images.xcassets; sourceTree = "<group>"; };
		29107A4A1B271FB6007AB752 /* Base */ = {isa = PBXFileReference; lastKnownFileType = file.xib; name = Base; path = Base.lproj/LaunchScreen.xib; sourceTree = "<group>"; };
		29107A501B271FB6007AB752 /* TimeTreeTests.xctest */ = {isa = PBXFileReference; explicitFileType = wrapper.cfbundle; includeInIndex = 0; path = TimeTreeTests.xctest; sourceTree = BUILT_PRODUCTS_DIR; };
		29107A551B271FB6007AB752 /* Info.plist */ = {isa = PBXFileReference; lastKnownFileType = text.plist.xml; path = Info.plist; sourceTree = "<group>"; };
		29107A561B271FB6007AB752 /* TimeTreeTests.m */ = {isa = PBXFileReference; lastKnownFileType = sourcecode.c.objc; path = TimeTreeTests.m; sourceTree = "<group>"; };
		29107A621B272003007AB752 /* FBSDKLoginKit.framework */ = {isa = PBXFileReference; lastKnownFileType = wrapper.framework; name = FBSDKLoginKit.framework; path = ../Framewoks/FBSDKLoginKit.framework; sourceTree = "<group>"; };
		29107A631B272003007AB752 /* FBSDKShareKit.framework */ = {isa = PBXFileReference; lastKnownFileType = wrapper.framework; name = FBSDKShareKit.framework; path = ../Framewoks/FBSDKShareKit.framework; sourceTree = "<group>"; };
		29107A681B272645007AB752 /* LoginViewController.h */ = {isa = PBXFileReference; fileEncoding = 4; lastKnownFileType = sourcecode.c.h; path = LoginViewController.h; sourceTree = "<group>"; };
		29107A691B272645007AB752 /* LoginViewController.m */ = {isa = PBXFileReference; fileEncoding = 4; lastKnownFileType = sourcecode.c.objc; path = LoginViewController.m; sourceTree = "<group>"; };
		29107A6B1B272666007AB752 /* Login.storyboard */ = {isa = PBXFileReference; fileEncoding = 4; lastKnownFileType = file.storyboard; path = Login.storyboard; sourceTree = "<group>"; };
		2917462C1B34185200F0F078 /* CatalogueViewController.h */ = {isa = PBXFileReference; fileEncoding = 4; lastKnownFileType = sourcecode.c.h; name = CatalogueViewController.h; path = ../TimeTreeVC/CatalogueViewController.h; sourceTree = "<group>"; };
		2917462D1B34185200F0F078 /* CatalogueViewController.m */ = {isa = PBXFileReference; fileEncoding = 4; lastKnownFileType = sourcecode.c.objc; name = CatalogueViewController.m; path = ../TimeTreeVC/CatalogueViewController.m; sourceTree = "<group>"; };
		2924CEF71B33F9C6009E2B17 /* AudioToolbox.framework */ = {isa = PBXFileReference; lastKnownFileType = wrapper.framework; name = AudioToolbox.framework; path = System/Library/Frameworks/AudioToolbox.framework; sourceTree = SDKROOT; };
		2924CEF91B33F9D2009E2B17 /* CFNetwork.framework */ = {isa = PBXFileReference; lastKnownFileType = wrapper.framework; name = CFNetwork.framework; path = System/Library/Frameworks/CFNetwork.framework; sourceTree = SDKROOT; };
		2924CEFB1B33F9E3009E2B17 /* CoreGraphics.framework */ = {isa = PBXFileReference; lastKnownFileType = wrapper.framework; name = CoreGraphics.framework; path = System/Library/Frameworks/CoreGraphics.framework; sourceTree = SDKROOT; };
		2924CEFD1B33F9EC009E2B17 /* CoreLocation.framework */ = {isa = PBXFileReference; lastKnownFileType = wrapper.framework; name = CoreLocation.framework; path = System/Library/Frameworks/CoreLocation.framework; sourceTree = SDKROOT; };
		2924CEFF1B33F9F5009E2B17 /* MobileCoreServices.framework */ = {isa = PBXFileReference; lastKnownFileType = wrapper.framework; name = MobileCoreServices.framework; path = System/Library/Frameworks/MobileCoreServices.framework; sourceTree = SDKROOT; };
		2924CF011B33F9FE009E2B17 /* QuartzCore.framework */ = {isa = PBXFileReference; lastKnownFileType = wrapper.framework; name = QuartzCore.framework; path = System/Library/Frameworks/QuartzCore.framework; sourceTree = SDKROOT; };
		2924CF031B33FA07009E2B17 /* Security.framework */ = {isa = PBXFileReference; lastKnownFileType = wrapper.framework; name = Security.framework; path = System/Library/Frameworks/Security.framework; sourceTree = SDKROOT; };
		2924CF051B33FA11009E2B17 /* StoreKit.framework */ = {isa = PBXFileReference; lastKnownFileType = wrapper.framework; name = StoreKit.framework; path = System/Library/Frameworks/StoreKit.framework; sourceTree = SDKROOT; };
		2924CF071B33FA19009E2B17 /* SystemConfiguration.framework */ = {isa = PBXFileReference; lastKnownFileType = wrapper.framework; name = SystemConfiguration.framework; path = System/Library/Frameworks/SystemConfiguration.framework; sourceTree = SDKROOT; };
		2924CF091B33FA22009E2B17 /* libz.dylib */ = {isa = PBXFileReference; lastKnownFileType = "compiled.mach-o.dylib"; name = libz.dylib; path = usr/lib/libz.dylib; sourceTree = SDKROOT; };
		2924CF0B1B33FA2D009E2B17 /* libsqlite3.dylib */ = {isa = PBXFileReference; lastKnownFileType = "compiled.mach-o.dylib"; name = libsqlite3.dylib; path = usr/lib/libsqlite3.dylib; sourceTree = SDKROOT; };
		2924CF0D1B33FA41009E2B17 /* Accounts.framework */ = {isa = PBXFileReference; lastKnownFileType = wrapper.framework; name = Accounts.framework; path = System/Library/Frameworks/Accounts.framework; sourceTree = SDKROOT; };
		2924CF0F1B33FA4A009E2B17 /* Social.framework */ = {isa = PBXFileReference; lastKnownFileType = wrapper.framework; name = Social.framework; path = System/Library/Frameworks/Social.framework; sourceTree = SDKROOT; };
		2924CF111B33FC7E009E2B17 /* Bolts.framework */ = {isa = PBXFileReference; lastKnownFileType = wrapper.framework; name = Bolts.framework; path = ../Framewoks/Bolts.framework; sourceTree = "<group>"; };
		2924CF121B33FC7E009E2B17 /* Parse.framework */ = {isa = PBXFileReference; lastKnownFileType = wrapper.framework; name = Parse.framework; path = ../Framewoks/Parse.framework; sourceTree = "<group>"; };
		2924CF171B3408FB009E2B17 /* ParseFacebookUtils.framework */ = {isa = PBXFileReference; lastKnownFileType = wrapper.framework; name = ParseFacebookUtils.framework; path = ../Framewoks/ParseFacebookUtils.framework; sourceTree = "<group>"; };
		2924CF191B340ADD009E2B17 /* FacebookSDK.framework */ = {isa = PBXFileReference; lastKnownFileType = wrapper.framework; name = FacebookSDK.framework; path = ../Framewoks/FacebookSDK.framework; sourceTree = "<group>"; };
		2924CF1B1B340DEC009E2B17 /* Comms.h */ = {isa = PBXFileReference; fileEncoding = 4; lastKnownFileType = sourcecode.c.h; path = Comms.h; sourceTree = "<group>"; };
		2924CF1C1B340DEC009E2B17 /* Comms.m */ = {isa = PBXFileReference; fileEncoding = 4; lastKnownFileType = sourcecode.c.objc; path = Comms.m; sourceTree = "<group>"; };
		2944F8721B5BC8430074F94B /* Accelerate.framework */ = {isa = PBXFileReference; lastKnownFileType = wrapper.framework; name = Accelerate.framework; path = ../../../../../../../Applications/Xcode.app/Contents/Developer/Platforms/iPhoneOS.platform/Developer/SDKs/iPhoneOS8.3.sdk/System/Library/Frameworks/Accelerate.framework; sourceTree = "<group>"; };
		2944F8751B5BCA910074F94B /* MenuTableViewController.h */ = {isa = PBXFileReference; fileEncoding = 4; lastKnownFileType = sourcecode.c.h; path = MenuTableViewController.h; sourceTree = "<group>"; };
		2944F8761B5BCA910074F94B /* MenuTableViewController.m */ = {isa = PBXFileReference; fileEncoding = 4; lastKnownFileType = sourcecode.c.objc; path = MenuTableViewController.m; sourceTree = "<group>"; };
		2944F8781B5BCABD0074F94B /* NavigationVC.h */ = {isa = PBXFileReference; fileEncoding = 4; lastKnownFileType = sourcecode.c.h; path = NavigationVC.h; sourceTree = "<group>"; };
		2944F8791B5BCABD0074F94B /* NavigationVC.m */ = {isa = PBXFileReference; fileEncoding = 4; lastKnownFileType = sourcecode.c.objc; path = NavigationVC.m; sourceTree = "<group>"; };
		2944F87C1B5BCB460074F94B /* RECommonFunctions.h */ = {isa = PBXFileReference; fileEncoding = 4; lastKnownFileType = sourcecode.c.h; path = RECommonFunctions.h; sourceTree = "<group>"; };
		2944F87D1B5BCB460074F94B /* RECommonFunctions.m */ = {isa = PBXFileReference; fileEncoding = 4; lastKnownFileType = sourcecode.c.objc; path = RECommonFunctions.m; sourceTree = "<group>"; };
		2944F87E1B5BCB460074F94B /* REFrostedContainerViewController.h */ = {isa = PBXFileReference; fileEncoding = 4; lastKnownFileType = sourcecode.c.h; path = REFrostedContainerViewController.h; sourceTree = "<group>"; };
		2944F87F1B5BCB460074F94B /* REFrostedContainerViewController.m */ = {isa = PBXFileReference; fileEncoding = 4; lastKnownFileType = sourcecode.c.objc; path = REFrostedContainerViewController.m; sourceTree = "<group>"; };
		2944F8801B5BCB460074F94B /* REFrostedViewController.h */ = {isa = PBXFileReference; fileEncoding = 4; lastKnownFileType = sourcecode.c.h; path = REFrostedViewController.h; sourceTree = "<group>"; };
		2944F8811B5BCB460074F94B /* REFrostedViewController.m */ = {isa = PBXFileReference; fileEncoding = 4; lastKnownFileType = sourcecode.c.objc; path = REFrostedViewController.m; sourceTree = "<group>"; };
		2944F8821B5BCB460074F94B /* UIImage+REFrostedViewController.h */ = {isa = PBXFileReference; fileEncoding = 4; lastKnownFileType = sourcecode.c.h; path = "UIImage+REFrostedViewController.h"; sourceTree = "<group>"; };
		2944F8831B5BCB460074F94B /* UIImage+REFrostedViewController.m */ = {isa = PBXFileReference; fileEncoding = 4; lastKnownFileType = sourcecode.c.objc; path = "UIImage+REFrostedViewController.m"; sourceTree = "<group>"; };
		2944F8841B5BCB460074F94B /* UIView+REFrostedViewController.h */ = {isa = PBXFileReference; fileEncoding = 4; lastKnownFileType = sourcecode.c.h; path = "UIView+REFrostedViewController.h"; sourceTree = "<group>"; };
		2944F8851B5BCB460074F94B /* UIView+REFrostedViewController.m */ = {isa = PBXFileReference; fileEncoding = 4; lastKnownFileType = sourcecode.c.objc; path = "UIView+REFrostedViewController.m"; sourceTree = "<group>"; };
		2944F8861B5BCB460074F94B /* UIViewController+REFrostedViewController.h */ = {isa = PBXFileReference; fileEncoding = 4; lastKnownFileType = sourcecode.c.h; path = "UIViewController+REFrostedViewController.h"; sourceTree = "<group>"; };
		2944F8871B5BCB460074F94B /* UIViewController+REFrostedViewController.m */ = {isa = PBXFileReference; fileEncoding = 4; lastKnownFileType = sourcecode.c.objc; path = "UIViewController+REFrostedViewController.m"; sourceTree = "<group>"; };
		295F2EE91B50F830008A9767 /* CatalogueTableVC.h */ = {isa = PBXFileReference; fileEncoding = 4; lastKnownFileType = sourcecode.c.h; name = CatalogueTableVC.h; path = ../TimeTreeVC/CatalogueTableVC.h; sourceTree = "<group>"; };
		295F2EEA1B50F830008A9767 /* CatalogueTableVC.m */ = {isa = PBXFileReference; fileEncoding = 4; lastKnownFileType = sourcecode.c.objc; name = CatalogueTableVC.m; path = ../TimeTreeVC/CatalogueTableVC.m; sourceTree = "<group>"; };
		2961A2181B5105E400DB1A97 /* TimeTree.storyboard */ = {isa = PBXFileReference; fileEncoding = 4; lastKnownFileType = file.storyboard; path = TimeTree.storyboard; sourceTree = "<group>"; };
		2961A21A1B57DFB300DB1A97 /* TimeTreeTableVC.h */ = {isa = PBXFileReference; fileEncoding = 4; lastKnownFileType = sourcecode.c.h; path = TimeTreeTableVC.h; sourceTree = "<group>"; };
		2961A21B1B57DFB300DB1A97 /* TimeTreeTableVC.m */ = {isa = PBXFileReference; fileEncoding = 4; lastKnownFileType = sourcecode.c.objc; path = TimeTreeTableVC.m; sourceTree = "<group>"; };
		2961A21D1B57E12000DB1A97 /* TimeTreeTableViewCell.h */ = {isa = PBXFileReference; fileEncoding = 4; lastKnownFileType = sourcecode.c.h; name = TimeTreeTableViewCell.h; path = ../TimeTreeTableViewCell.h; sourceTree = "<group>"; };
		2961A21E1B57E12000DB1A97 /* TimeTreeTableViewCell.m */ = {isa = PBXFileReference; fileEncoding = 4; lastKnownFileType = sourcecode.c.objc; name = TimeTreeTableViewCell.m; path = ../TimeTreeTableViewCell.m; sourceTree = "<group>"; };
		2986EA661B3449EF0081AC33 /* FBSDKCoreKit.framework */ = {isa = PBXFileReference; lastKnownFileType = wrapper.framework; path = FBSDKCoreKit.framework; sourceTree = "<group>"; };
		29EB56581B500310005FE66B /* AsyncImageView.h */ = {isa = PBXFileReference; fileEncoding = 4; lastKnownFileType = sourcecode.c.h; path = AsyncImageView.h; sourceTree = "<group>"; };
		29EB56591B500310005FE66B /* AsyncImageView.m */ = {isa = PBXFileReference; fileEncoding = 4; lastKnownFileType = sourcecode.c.objc; path = AsyncImageView.m; sourceTree = "<group>"; };
		29EB565D1B5004D2005FE66B /* URLib.h */ = {isa = PBXFileReference; fileEncoding = 4; lastKnownFileType = sourcecode.c.h; path = URLib.h; sourceTree = "<group>"; };
		29EB565E1B5004D2005FE66B /* URLib.m */ = {isa = PBXFileReference; fileEncoding = 4; lastKnownFileType = sourcecode.c.objc; path = URLib.m; sourceTree = "<group>"; };
		29EB56601B50BFCA005FE66B /* RegisterViewController.h */ = {isa = PBXFileReference; fileEncoding = 4; lastKnownFileType = sourcecode.c.h; path = RegisterViewController.h; sourceTree = "<group>"; };
		29EB56611B50BFCA005FE66B /* RegisterViewController.m */ = {isa = PBXFileReference; fileEncoding = 4; lastKnownFileType = sourcecode.c.objc; path = RegisterViewController.m; sourceTree = "<group>"; };
		29ED366E1B9C1436009D3B78 /* DataTimeTreeObj.h */ = {isa = PBXFileReference; fileEncoding = 4; lastKnownFileType = sourcecode.c.h; path = DataTimeTreeObj.h; sourceTree = "<group>"; };
		29ED366F1B9C1436009D3B78 /* DataTimeTreeObj.m */ = {isa = PBXFileReference; fileEncoding = 4; lastKnownFileType = sourcecode.c.objc; path = DataTimeTreeObj.m; sourceTree = "<group>"; };
		7C55F7AF1B8C49F200B11549 /* CatalogueTableViewCell.h */ = {isa = PBXFileReference; fileEncoding = 4; lastKnownFileType = sourcecode.c.h; path = CatalogueTableViewCell.h; sourceTree = "<group>"; };
		7C55F7B01B8C49F200B11549 /* CatalogueTableViewCell.m */ = {isa = PBXFileReference; fileEncoding = 4; lastKnownFileType = sourcecode.c.objc; path = CatalogueTableViewCell.m; sourceTree = "<group>"; };
		7C75A59D1B83240700831C64 /* ContainerVC.h */ = {isa = PBXFileReference; fileEncoding = 4; lastKnownFileType = sourcecode.c.h; path = ContainerVC.h; sourceTree = "<group>"; };
		7C75A59E1B83240700831C64 /* ContainerVC.m */ = {isa = PBXFileReference; fileEncoding = 4; lastKnownFileType = sourcecode.c.objc; path = ContainerVC.m; sourceTree = "<group>"; };
		7C75A5DF1B85B56900831C64 /* popVC.h */ = {isa = PBXFileReference; fileEncoding = 4; lastKnownFileType = sourcecode.c.h; path = popVC.h; sourceTree = "<group>"; };
		7C75A5E01B85B56900831C64 /* popVC.m */ = {isa = PBXFileReference; fileEncoding = 4; lastKnownFileType = sourcecode.c.objc; path = popVC.m; sourceTree = "<group>"; };
		7CBEC1F51B969296004A7E9F /* ContentVC.h */ = {isa = PBXFileReference; fileEncoding = 4; lastKnownFileType = sourcecode.c.h; path = ContentVC.h; sourceTree = "<group>"; };
		7CBEC1F61B969296004A7E9F /* ContentVC.m */ = {isa = PBXFileReference; fileEncoding = 4; lastKnownFileType = sourcecode.c.objc; path = ContentVC.m; sourceTree = "<group>"; };
		7CBEC1F81B9692AB004A7E9F /* Content.storyboard */ = {isa = PBXFileReference; fileEncoding = 4; lastKnownFileType = file.storyboard; path = Content.storyboard; sourceTree = "<group>"; };
		7CBEC1FA1B969715004A7E9F /* EventVC.h */ = {isa = PBXFileReference; fileEncoding = 4; lastKnownFileType = sourcecode.c.h; path = EventVC.h; sourceTree = "<group>"; };
		7CBEC1FB1B969715004A7E9F /* EventVC.m */ = {isa = PBXFileReference; fileEncoding = 4; lastKnownFileType = sourcecode.c.objc; path = EventVC.m; sourceTree = "<group>"; };
		7CBEC1FE1B96C7DA004A7E9F /* ContentTableViewCell.h */ = {isa = PBXFileReference; fileEncoding = 4; lastKnownFileType = sourcecode.c.h; path = ContentTableViewCell.h; sourceTree = "<group>"; };
		7CBEC1FF1B96C7DA004A7E9F /* ContentTableViewCell.m */ = {isa = PBXFileReference; fileEncoding = 4; lastKnownFileType = sourcecode.c.objc; path = ContentTableViewCell.m; sourceTree = "<group>"; };
		7CBEC2011B96CA3C004A7E9F /* Utility.h */ = {isa = PBXFileReference; fileEncoding = 4; lastKnownFileType = sourcecode.c.h; path = Utility.h; sourceTree = "<group>"; };
		7CBEC2021B96CA3C004A7E9F /* Utility.m */ = {isa = PBXFileReference; fileEncoding = 4; lastKnownFileType = sourcecode.c.objc; path = Utility.m; sourceTree = "<group>"; };
		7CBEC2051B96CD83004A7E9F /* UIImage+ImageEffects.h */ = {isa = PBXFileReference; fileEncoding = 4; lastKnownFileType = sourcecode.c.h; path = "UIImage+ImageEffects.h"; sourceTree = "<group>"; };
		7CBEC2061B96CD83004A7E9F /* UIImage+ImageEffects.m */ = {isa = PBXFileReference; fileEncoding = 4; lastKnownFileType = sourcecode.c.objc; path = "UIImage+ImageEffects.m"; sourceTree = "<group>"; };
		7CBEC2081B96CD94004A7E9F /* StoryCommentCell.h */ = {isa = PBXFileReference; fileEncoding = 4; lastKnownFileType = sourcecode.c.h; path = StoryCommentCell.h; sourceTree = "<group>"; };
		7CBEC2091B96CD94004A7E9F /* StoryCommentCell.m */ = {isa = PBXFileReference; fileEncoding = 4; lastKnownFileType = sourcecode.c.objc; path = StoryCommentCell.m; sourceTree = "<group>"; };
		7CBEC20A1B96CD94004A7E9F /* ParallaxHeaderView.h */ = {isa = PBXFileReference; fileEncoding = 4; lastKnownFileType = sourcecode.c.h; path = ParallaxHeaderView.h; sourceTree = "<group>"; };
		7CBEC20B1B96CD94004A7E9F /* ParallaxHeaderView.m */ = {isa = PBXFileReference; fileEncoding = 4; lastKnownFileType = sourcecode.c.objc; path = ParallaxHeaderView.m; sourceTree = "<group>"; };
		7CBEC2121B97FB03004A7E9F /* AssetsLibrary.framework */ = {isa = PBXFileReference; lastKnownFileType = wrapper.framework; name = AssetsLibrary.framework; path = System/Library/Frameworks/AssetsLibrary.framework; sourceTree = SDKROOT; };
		7CBEC2171B985372004A7E9F /* MBProgressHUD.h */ = {isa = PBXFileReference; fileEncoding = 4; lastKnownFileType = sourcecode.c.h; path = MBProgressHUD.h; sourceTree = "<group>"; };
		7CBEC2181B985372004A7E9F /* MBProgressHUD.m */ = {isa = PBXFileReference; fileEncoding = 4; lastKnownFileType = sourcecode.c.objc; path = MBProgressHUD.m; sourceTree = "<group>"; };
		7CBEC21B1B994831004A7E9F /* data.h */ = {isa = PBXFileReference; fileEncoding = 4; lastKnownFileType = sourcecode.c.h; path = data.h; sourceTree = "<group>"; };
		7CBEC21C1B994831004A7E9F /* data.m */ = {isa = PBXFileReference; fileEncoding = 4; lastKnownFileType = sourcecode.c.objc; path = data.m; sourceTree = "<group>"; };
/* End PBXFileReference section */

/* Begin PBXFrameworksBuildPhase section */
		29107A311B271FB6007AB752 /* Frameworks */ = {
			isa = PBXFrameworksBuildPhase;
			buildActionMask = 2147483647;
			files = (
				7CBEC2131B97FB03004A7E9F /* AssetsLibrary.framework in Frameworks */,
				2924CF001B33F9F5009E2B17 /* MobileCoreServices.framework in Frameworks */,
				2944F8731B5BC8430074F94B /* Accelerate.framework in Frameworks */,
				2924CF151B33FEC5009E2B17 /* Bolts.framework in Frameworks */,
				2924CF161B33FEC5009E2B17 /* Parse.framework in Frameworks */,
				2924CF101B33FA4A009E2B17 /* Social.framework in Frameworks */,
				2924CF0E1B33FA41009E2B17 /* Accounts.framework in Frameworks */,
				2986EA671B3449EF0081AC33 /* FBSDKCoreKit.framework in Frameworks */,
				2924CF0C1B33FA2D009E2B17 /* libsqlite3.dylib in Frameworks */,
				2924CF0A1B33FA22009E2B17 /* libz.dylib in Frameworks */,
				2924CF081B33FA19009E2B17 /* SystemConfiguration.framework in Frameworks */,
				2924CF061B33FA11009E2B17 /* StoreKit.framework in Frameworks */,
				2924CF041B33FA07009E2B17 /* Security.framework in Frameworks */,
				2924CF021B33F9FE009E2B17 /* QuartzCore.framework in Frameworks */,
				2924CEFE1B33F9EC009E2B17 /* CoreLocation.framework in Frameworks */,
				2924CEFC1B33F9E3009E2B17 /* CoreGraphics.framework in Frameworks */,
				2924CEFA1B33F9D2009E2B17 /* CFNetwork.framework in Frameworks */,
				2924CEF81B33F9C6009E2B17 /* AudioToolbox.framework in Frameworks */,
				29107A651B272003007AB752 /* FBSDKLoginKit.framework in Frameworks */,
				2924CEF01B33F481009E2B17 /* FBSDKLoginKit.framework in Frameworks */,
				2924CF181B3408FB009E2B17 /* ParseFacebookUtils.framework in Frameworks */,
				29107A661B272003007AB752 /* FBSDKShareKit.framework in Frameworks */,
				2924CF1A1B340ADD009E2B17 /* FacebookSDK.framework in Frameworks */,
			);
			runOnlyForDeploymentPostprocessing = 0;
		};
		29107A4D1B271FB6007AB752 /* Frameworks */ = {
			isa = PBXFrameworksBuildPhase;
			buildActionMask = 2147483647;
			files = (
			);
			runOnlyForDeploymentPostprocessing = 0;
		};
/* End PBXFrameworksBuildPhase section */

/* Begin PBXGroup section */
		29107A2B1B271FB6007AB752 = {
			isa = PBXGroup;
			children = (
				7CBEC2121B97FB03004A7E9F /* AssetsLibrary.framework */,
				29107A361B271FB6007AB752 /* TimeTree */,
				29107A531B271FB6007AB752 /* TimeTreeTests */,
				29107A351B271FB6007AB752 /* Products */,
			);
			sourceTree = "<group>";
		};
		29107A351B271FB6007AB752 /* Products */ = {
			isa = PBXGroup;
			children = (
				29107A341B271FB6007AB752 /* TimeTree.app */,
				29107A501B271FB6007AB752 /* TimeTreeTests.xctest */,
			);
			name = Products;
			sourceTree = "<group>";
		};
		29107A361B271FB6007AB752 /* TimeTree */ = {
			isa = PBXGroup;
			children = (
				292FDFCB1B80735D00271C40 /* Utility */,
				29EB565B1B50041B005FE66B /* Management */,
				29EB56561B5002BC005FE66B /* OpenSource */,
				2944F8741B5BCA400074F94B /* MenuVC */,
				7C75A59B1B83232800831C64 /* CatalogueVC */,
				7CAD4AC01B95766B00BEF546 /* TimeTreeContent */,
				2917462B1B34182800F0F078 /* TimeTreeVC */,
				29107A671B2725E1007AB752 /* Login */,
				29107A411B271FB6007AB752 /* ViewController.h */,
				29107A421B271FB6007AB752 /* ViewController.m */,
				29107A441B271FB6007AB752 /* Main.storyboard */,
				29107A471B271FB6007AB752 /* Images.xcassets */,
				29107A491B271FB6007AB752 /* LaunchScreen.xib */,
				29107A3E1B271FB6007AB752 /* TimeTree.xcdatamodeld */,
				29107A601B271FC1007AB752 /* Framewoks */,
				29107A371B271FB6007AB752 /* Supporting Files */,
			);
			path = TimeTree;
			sourceTree = "<group>";
		};
		29107A371B271FB6007AB752 /* Supporting Files */ = {
			isa = PBXGroup;
			children = (
				29107A3B1B271FB6007AB752 /* AppDelegate.h */,
				29107A3C1B271FB6007AB752 /* AppDelegate.m */,
				29107A381B271FB6007AB752 /* Info.plist */,
				29107A391B271FB6007AB752 /* main.m */,
			);
			name = "Supporting Files";
			sourceTree = "<group>";
		};
		29107A531B271FB6007AB752 /* TimeTreeTests */ = {
			isa = PBXGroup;
			children = (
				29107A561B271FB6007AB752 /* TimeTreeTests.m */,
				29107A541B271FB6007AB752 /* Supporting Files */,
			);
			path = TimeTreeTests;
			sourceTree = "<group>";
		};
		29107A541B271FB6007AB752 /* Supporting Files */ = {
			isa = PBXGroup;
			children = (
				29107A551B271FB6007AB752 /* Info.plist */,
			);
			name = "Supporting Files";
			sourceTree = "<group>";
		};
		29107A601B271FC1007AB752 /* Framewoks */ = {
			isa = PBXGroup;
			children = (
				2944F8721B5BC8430074F94B /* Accelerate.framework */,
				2986EA661B3449EF0081AC33 /* FBSDKCoreKit.framework */,
				2924CF0D1B33FA41009E2B17 /* Accounts.framework */,
				2924CF0B1B33FA2D009E2B17 /* libsqlite3.dylib */,
				2924CF091B33FA22009E2B17 /* libz.dylib */,
				2924CF071B33FA19009E2B17 /* SystemConfiguration.framework */,
				2924CF051B33FA11009E2B17 /* StoreKit.framework */,
				2924CF031B33FA07009E2B17 /* Security.framework */,
				2924CF011B33F9FE009E2B17 /* QuartzCore.framework */,
				2924CEFF1B33F9F5009E2B17 /* MobileCoreServices.framework */,
				2924CEFD1B33F9EC009E2B17 /* CoreLocation.framework */,
				2924CEFB1B33F9E3009E2B17 /* CoreGraphics.framework */,
				2924CEF91B33F9D2009E2B17 /* CFNetwork.framework */,
				2924CEF71B33F9C6009E2B17 /* AudioToolbox.framework */,
				2924CF0F1B33FA4A009E2B17 /* Social.framework */,
				2924CF191B340ADD009E2B17 /* FacebookSDK.framework */,
				2924CF171B3408FB009E2B17 /* ParseFacebookUtils.framework */,
				2924CF111B33FC7E009E2B17 /* Bolts.framework */,
				2924CF121B33FC7E009E2B17 /* Parse.framework */,
				29107A621B272003007AB752 /* FBSDKLoginKit.framework */,
				29107A631B272003007AB752 /* FBSDKShareKit.framework */,
			);
			path = Framewoks;
			sourceTree = "<group>";
		};
		29107A671B2725E1007AB752 /* Login */ = {
			isa = PBXGroup;
			children = (
				29107A681B272645007AB752 /* LoginViewController.h */,
				29107A691B272645007AB752 /* LoginViewController.m */,
				29EB56601B50BFCA005FE66B /* RegisterViewController.h */,
				29EB56611B50BFCA005FE66B /* RegisterViewController.m */,
				29107A6B1B272666007AB752 /* Login.storyboard */,
				2924CF1B1B340DEC009E2B17 /* Comms.h */,
				2924CF1C1B340DEC009E2B17 /* Comms.m */,
			);
			path = Login;
			sourceTree = "<group>";
		};
		2917462B1B34182800F0F078 /* TimeTreeVC */ = {
			isa = PBXGroup;
			children = (
				7CBEC21A1B99480C004A7E9F /* Data */,
				7C75A59C1B83236500831C64 /* Cell */,
				2961A21A1B57DFB300DB1A97 /* TimeTreeTableVC.h */,
				2961A21B1B57DFB300DB1A97 /* TimeTreeTableVC.m */,
				7C75A5DF1B85B56900831C64 /* popVC.h */,
				7C75A5E01B85B56900831C64 /* popVC.m */,
				7C75A59D1B83240700831C64 /* ContainerVC.h */,
				7C75A59E1B83240700831C64 /* ContainerVC.m */,
				2961A2181B5105E400DB1A97 /* TimeTree.storyboard */,
			);
			path = TimeTreeVC;
			sourceTree = "<group>";
		};
		292FDFCB1B80735D00271C40 /* Utility */ = {
			isa = PBXGroup;
			children = (
				7CBEC2011B96CA3C004A7E9F /* Utility.h */,
				7CBEC2021B96CA3C004A7E9F /* Utility.m */,
			);
			name = Utility;
			sourceTree = "<group>";
		};
		2944F8741B5BCA400074F94B /* MenuVC */ = {
			isa = PBXGroup;
			children = (
				2944F8751B5BCA910074F94B /* MenuTableViewController.h */,
				2944F8761B5BCA910074F94B /* MenuTableViewController.m */,
				2944F8781B5BCABD0074F94B /* NavigationVC.h */,
				2944F8791B5BCABD0074F94B /* NavigationVC.m */,
			);
			path = MenuVC;
			sourceTree = "<group>";
		};
		2944F87B1B5BCB260074F94B /* REFrostedViewController */ = {
			isa = PBXGroup;
			children = (
				2944F87C1B5BCB460074F94B /* RECommonFunctions.h */,
				2944F87D1B5BCB460074F94B /* RECommonFunctions.m */,
				2944F87E1B5BCB460074F94B /* REFrostedContainerViewController.h */,
				2944F87F1B5BCB460074F94B /* REFrostedContainerViewController.m */,
				2944F8801B5BCB460074F94B /* REFrostedViewController.h */,
				2944F8811B5BCB460074F94B /* REFrostedViewController.m */,
				2944F8821B5BCB460074F94B /* UIImage+REFrostedViewController.h */,
				2944F8831B5BCB460074F94B /* UIImage+REFrostedViewController.m */,
				2944F8841B5BCB460074F94B /* UIView+REFrostedViewController.h */,
				2944F8851B5BCB460074F94B /* UIView+REFrostedViewController.m */,
				2944F8861B5BCB460074F94B /* UIViewController+REFrostedViewController.h */,
				2944F8871B5BCB460074F94B /* UIViewController+REFrostedViewController.m */,
			);
			path = REFrostedViewController;
			sourceTree = "<group>";
		};
		29EB56561B5002BC005FE66B /* OpenSource */ = {
			isa = PBXGroup;
			children = (
				7CBEC2161B98535B004A7E9F /* MBProgressHUD */,
				7CBEC2041B96CD66004A7E9F /* ParallaxTableViewHeader */,
				2944F87B1B5BCB260074F94B /* REFrostedViewController */,
				29EB56571B5002E3005FE66B /* AsyncImageView */,
			);
			path = OpenSource;
			sourceTree = "<group>";
		};
		29EB56571B5002E3005FE66B /* AsyncImageView */ = {
			isa = PBXGroup;
			children = (
				29EB56581B500310005FE66B /* AsyncImageView.h */,
				29EB56591B500310005FE66B /* AsyncImageView.m */,
			);
			path = AsyncImageView;
			sourceTree = "<group>";
		};
		29EB565B1B50041B005FE66B /* Management */ = {
			isa = PBXGroup;
			children = (
				29EB565C1B500490005FE66B /* URLib */,
			);
			path = Management;
			sourceTree = "<group>";
		};
		29EB565C1B500490005FE66B /* URLib */ = {
			isa = PBXGroup;
			children = (
				29EB565D1B5004D2005FE66B /* URLib.h */,
				29EB565E1B5004D2005FE66B /* URLib.m */,
			);
			path = URLib;
			sourceTree = "<group>";
		};
		29ED366D1B9C13E6009D3B78 /* Data */ = {
			isa = PBXGroup;
			children = (
				29ED366E1B9C1436009D3B78 /* DataTimeTreeObj.h */,
				29ED366F1B9C1436009D3B78 /* DataTimeTreeObj.m */,
			);
			path = Data;
			sourceTree = "<group>";
		};
		7C55F7AE1B8C49C500B11549 /* Cell */ = {
			isa = PBXGroup;
			children = (
				7C55F7AF1B8C49F200B11549 /* CatalogueTableViewCell.h */,
				7C55F7B01B8C49F200B11549 /* CatalogueTableViewCell.m */,
			);
			path = Cell;
			sourceTree = "<group>";
		};
		7C75A59B1B83232800831C64 /* CatalogueVC */ = {
			isa = PBXGroup;
			children = (
				7C55F7AE1B8C49C500B11549 /* Cell */,
				2917462C1B34185200F0F078 /* CatalogueViewController.h */,
				2917462D1B34185200F0F078 /* CatalogueViewController.m */,
				295F2EE91B50F830008A9767 /* CatalogueTableVC.h */,
				295F2EEA1B50F830008A9767 /* CatalogueTableVC.m */,
			);
			path = CatalogueVC;
			sourceTree = "<group>";
		};
		7C75A59C1B83236500831C64 /* Cell */ = {
			isa = PBXGroup;
			children = (
				2961A21D1B57E12000DB1A97 /* TimeTreeTableViewCell.h */,
				2961A21E1B57E12000DB1A97 /* TimeTreeTableViewCell.m */,
			);
			path = Cell;
			sourceTree = "<group>";
		};
		7CAD4AC01B95766B00BEF546 /* TimeTreeContent */ = {
			isa = PBXGroup;
			children = (
				29ED366D1B9C13E6009D3B78 /* Data */,
				7CBEC1FD1B96C7AE004A7E9F /* Cell */,
				7CBEC1F51B969296004A7E9F /* ContentVC.h */,
				7CBEC1F61B969296004A7E9F /* ContentVC.m */,
				7CBEC1F81B9692AB004A7E9F /* Content.storyboard */,
				7CBEC1FA1B969715004A7E9F /* EventVC.h */,
				7CBEC1FB1B969715004A7E9F /* EventVC.m */,
			);
			path = TimeTreeContent;
			sourceTree = "<group>";
		};
		7CBEC1FD1B96C7AE004A7E9F /* Cell */ = {
			isa = PBXGroup;
			children = (
				7CBEC1FE1B96C7DA004A7E9F /* ContentTableViewCell.h */,
				7CBEC1FF1B96C7DA004A7E9F /* ContentTableViewCell.m */,
			);
			path = Cell;
			sourceTree = "<group>";
		};
		7CBEC2041B96CD66004A7E9F /* ParallaxTableViewHeader */ = {
			isa = PBXGroup;
			children = (
				7CBEC2081B96CD94004A7E9F /* StoryCommentCell.h */,
				7CBEC2091B96CD94004A7E9F /* StoryCommentCell.m */,
				7CBEC20A1B96CD94004A7E9F /* ParallaxHeaderView.h */,
				7CBEC20B1B96CD94004A7E9F /* ParallaxHeaderView.m */,
				7CBEC2051B96CD83004A7E9F /* UIImage+ImageEffects.h */,
				7CBEC2061B96CD83004A7E9F /* UIImage+ImageEffects.m */,
			);
			path = ParallaxTableViewHeader;
			sourceTree = "<group>";
		};
		7CBEC2161B98535B004A7E9F /* MBProgressHUD */ = {
			isa = PBXGroup;
			children = (
				7CBEC2171B985372004A7E9F /* MBProgressHUD.h */,
				7CBEC2181B985372004A7E9F /* MBProgressHUD.m */,
			);
			path = MBProgressHUD;
			sourceTree = "<group>";
		};
		7CBEC21A1B99480C004A7E9F /* Data */ = {
			isa = PBXGroup;
			children = (
				7CBEC21B1B994831004A7E9F /* data.h */,
				7CBEC21C1B994831004A7E9F /* data.m */,
			);
			path = Data;
			sourceTree = "<group>";
		};
/* End PBXGroup section */

/* Begin PBXNativeTarget section */
		29107A331B271FB6007AB752 /* TimeTree */ = {
			isa = PBXNativeTarget;
			buildConfigurationList = 29107A5A1B271FB6007AB752 /* Build configuration list for PBXNativeTarget "TimeTree" */;
			buildPhases = (
				29107A301B271FB6007AB752 /* Sources */,
				29107A311B271FB6007AB752 /* Frameworks */,
				29107A321B271FB6007AB752 /* Resources */,
				2924CEF21B33F482009E2B17 /* Embed Frameworks */,
			);
			buildRules = (
			);
			dependencies = (
			);
			name = TimeTree;
			productName = TimeTree;
			productReference = 29107A341B271FB6007AB752 /* TimeTree.app */;
			productType = "com.apple.product-type.application";
		};
		29107A4F1B271FB6007AB752 /* TimeTreeTests */ = {
			isa = PBXNativeTarget;
			buildConfigurationList = 29107A5D1B271FB6007AB752 /* Build configuration list for PBXNativeTarget "TimeTreeTests" */;
			buildPhases = (
				29107A4C1B271FB6007AB752 /* Sources */,
				29107A4D1B271FB6007AB752 /* Frameworks */,
				29107A4E1B271FB6007AB752 /* Resources */,
			);
			buildRules = (
			);
			dependencies = (
				29107A521B271FB6007AB752 /* PBXTargetDependency */,
			);
			name = TimeTreeTests;
			productName = TimeTreeTests;
			productReference = 29107A501B271FB6007AB752 /* TimeTreeTests.xctest */;
			productType = "com.apple.product-type.bundle.unit-test";
		};
/* End PBXNativeTarget section */

/* Begin PBXProject section */
		29107A2C1B271FB6007AB752 /* Project object */ = {
			isa = PBXProject;
			attributes = {
				LastUpgradeCheck = 0630;
				ORGANIZATIONNAME = dosomethingq;
				TargetAttributes = {
					29107A331B271FB6007AB752 = {
						CreatedOnToolsVersion = 6.3;
					};
					29107A4F1B271FB6007AB752 = {
						CreatedOnToolsVersion = 6.3;
						TestTargetID = 29107A331B271FB6007AB752;
					};
				};
			};
			buildConfigurationList = 29107A2F1B271FB6007AB752 /* Build configuration list for PBXProject "TimeTree" */;
			compatibilityVersion = "Xcode 3.2";
			developmentRegion = English;
			hasScannedForEncodings = 0;
			knownRegions = (
				en,
				Base,
			);
			mainGroup = 29107A2B1B271FB6007AB752;
			productRefGroup = 29107A351B271FB6007AB752 /* Products */;
			projectDirPath = "";
			projectRoot = "";
			targets = (
				29107A331B271FB6007AB752 /* TimeTree */,
				29107A4F1B271FB6007AB752 /* TimeTreeTests */,
			);
		};
/* End PBXProject section */

/* Begin PBXResourcesBuildPhase section */
		29107A321B271FB6007AB752 /* Resources */ = {
			isa = PBXResourcesBuildPhase;
			buildActionMask = 2147483647;
			files = (
				2961A2191B5105E400DB1A97 /* TimeTree.storyboard in Resources */,
				29107A6C1B272666007AB752 /* Login.storyboard in Resources */,
				7CBEC1F91B9692AB004A7E9F /* Content.storyboard in Resources */,
				29107A461B271FB6007AB752 /* Main.storyboard in Resources */,
				29107A4B1B271FB6007AB752 /* LaunchScreen.xib in Resources */,
				29107A481B271FB6007AB752 /* Images.xcassets in Resources */,
			);
			runOnlyForDeploymentPostprocessing = 0;
		};
		29107A4E1B271FB6007AB752 /* Resources */ = {
			isa = PBXResourcesBuildPhase;
			buildActionMask = 2147483647;
			files = (
			);
			runOnlyForDeploymentPostprocessing = 0;
		};
/* End PBXResourcesBuildPhase section */

/* Begin PBXSourcesBuildPhase section */
		29107A301B271FB6007AB752 /* Sources */ = {
			isa = PBXSourcesBuildPhase;
			buildActionMask = 2147483647;
			files = (
				2944F8891B5BCB460074F94B /* REFrostedContainerViewController.m in Sources */,
				2961A21C1B57DFB300DB1A97 /* TimeTreeTableVC.m in Sources */,
				2944F88B1B5BCB460074F94B /* UIImage+REFrostedViewController.m in Sources */,
				7C55F7B11B8C49F200B11549 /* CatalogueTableViewCell.m in Sources */,
				7CBEC2031B96CA3C004A7E9F /* Utility.m in Sources */,
				29EB565F1B5004D2005FE66B /* URLib.m in Sources */,
				29107A3D1B271FB6007AB752 /* AppDelegate.m in Sources */,
				29107A3A1B271FB6007AB752 /* main.m in Sources */,
				2944F88A1B5BCB460074F94B /* REFrostedViewController.m in Sources */,
				29107A431B271FB6007AB752 /* ViewController.m in Sources */,
				7CBEC1FC1B969715004A7E9F /* EventVC.m in Sources */,
				7CBEC20C1B96CD94004A7E9F /* StoryCommentCell.m in Sources */,
				295F2EEB1B50F830008A9767 /* CatalogueTableVC.m in Sources */,
				2924CF1D1B340DEC009E2B17 /* Comms.m in Sources */,
				7CBEC1F71B969296004A7E9F /* ContentVC.m in Sources */,
				7CBEC2191B985372004A7E9F /* MBProgressHUD.m in Sources */,
				29ED36701B9C1436009D3B78 /* DataTimeTreeObj.m in Sources */,
				7CBEC2071B96CD83004A7E9F /* UIImage+ImageEffects.m in Sources */,
				2944F8881B5BCB460074F94B /* RECommonFunctions.m in Sources */,
				29EB56621B50BFCB005FE66B /* RegisterViewController.m in Sources */,
				7C75A5E11B85B56900831C64 /* popVC.m in Sources */,
				2944F88D1B5BCB460074F94B /* UIViewController+REFrostedViewController.m in Sources */,
				7CBEC20D1B96CD94004A7E9F /* ParallaxHeaderView.m in Sources */,
				2944F88C1B5BCB460074F94B /* UIView+REFrostedViewController.m in Sources */,
				2944F87A1B5BCABD0074F94B /* NavigationVC.m in Sources */,
				29107A401B271FB6007AB752 /* TimeTree.xcdatamodeld in Sources */,
				2917462E1B34185200F0F078 /* CatalogueViewController.m in Sources */,
				29107A6A1B272645007AB752 /* LoginViewController.m in Sources */,
				7C75A59F1B83240700831C64 /* ContainerVC.m in Sources */,
				7CBEC21D1B994831004A7E9F /* data.m in Sources */,
				2961A21F1B57E12000DB1A97 /* TimeTreeTableViewCell.m in Sources */,
				7CBEC2001B96C7DA004A7E9F /* ContentTableViewCell.m in Sources */,
				2944F8771B5BCA910074F94B /* MenuTableViewController.m in Sources */,
				29EB565A1B500310005FE66B /* AsyncImageView.m in Sources */,
			);
			runOnlyForDeploymentPostprocessing = 0;
		};
		29107A4C1B271FB6007AB752 /* Sources */ = {
			isa = PBXSourcesBuildPhase;
			buildActionMask = 2147483647;
			files = (
				29107A571B271FB6007AB752 /* TimeTreeTests.m in Sources */,
			);
			runOnlyForDeploymentPostprocessing = 0;
		};
/* End PBXSourcesBuildPhase section */

/* Begin PBXTargetDependency section */
		29107A521B271FB6007AB752 /* PBXTargetDependency */ = {
			isa = PBXTargetDependency;
			target = 29107A331B271FB6007AB752 /* TimeTree */;
			targetProxy = 29107A511B271FB6007AB752 /* PBXContainerItemProxy */;
		};
/* End PBXTargetDependency section */

/* Begin PBXVariantGroup section */
		29107A441B271FB6007AB752 /* Main.storyboard */ = {
			isa = PBXVariantGroup;
			children = (
				29107A451B271FB6007AB752 /* Base */,
			);
			name = Main.storyboard;
			sourceTree = "<group>";
		};
		29107A491B271FB6007AB752 /* LaunchScreen.xib */ = {
			isa = PBXVariantGroup;
			children = (
				29107A4A1B271FB6007AB752 /* Base */,
			);
			name = LaunchScreen.xib;
			sourceTree = "<group>";
		};
/* End PBXVariantGroup section */

/* Begin XCBuildConfiguration section */
		29107A581B271FB6007AB752 /* Debug */ = {
			isa = XCBuildConfiguration;
			buildSettings = {
				ALWAYS_SEARCH_USER_PATHS = NO;
				CLANG_CXX_LANGUAGE_STANDARD = "gnu++0x";
				CLANG_CXX_LIBRARY = "libc++";
				CLANG_ENABLE_MODULES = YES;
				CLANG_ENABLE_OBJC_ARC = YES;
				CLANG_WARN_BOOL_CONVERSION = YES;
				CLANG_WARN_CONSTANT_CONVERSION = YES;
				CLANG_WARN_DIRECT_OBJC_ISA_USAGE = YES_ERROR;
				CLANG_WARN_EMPTY_BODY = YES;
				CLANG_WARN_ENUM_CONVERSION = YES;
				CLANG_WARN_INT_CONVERSION = YES;
				CLANG_WARN_OBJC_ROOT_CLASS = YES_ERROR;
				CLANG_WARN_UNREACHABLE_CODE = YES;
				CLANG_WARN__DUPLICATE_METHOD_MATCH = YES;
				"CODE_SIGN_IDENTITY[sdk=iphoneos*]" = "iPhone Developer";
				COPY_PHASE_STRIP = NO;
				DEBUG_INFORMATION_FORMAT = "dwarf-with-dsym";
				ENABLE_STRICT_OBJC_MSGSEND = YES;
				FRAMEWORK_SEARCH_PATHS = "";
				GCC_C_LANGUAGE_STANDARD = gnu99;
				GCC_DYNAMIC_NO_PIC = NO;
				GCC_NO_COMMON_BLOCKS = YES;
				GCC_OPTIMIZATION_LEVEL = 0;
				GCC_PREPROCESSOR_DEFINITIONS = (
					"DEBUG=1",
					"$(inherited)",
				);
				GCC_SYMBOLS_PRIVATE_EXTERN = NO;
				GCC_WARN_64_TO_32_BIT_CONVERSION = YES;
				GCC_WARN_ABOUT_RETURN_TYPE = YES_ERROR;
				GCC_WARN_UNDECLARED_SELECTOR = YES;
				GCC_WARN_UNINITIALIZED_AUTOS = YES_AGGRESSIVE;
				GCC_WARN_UNUSED_FUNCTION = YES;
				GCC_WARN_UNUSED_VARIABLE = YES;
				IPHONEOS_DEPLOYMENT_TARGET = 8.3;
				MTL_ENABLE_DEBUG_INFO = YES;
				ONLY_ACTIVE_ARCH = YES;
				SDKROOT = iphoneos;
			};
			name = Debug;
		};
		29107A591B271FB6007AB752 /* Release */ = {
			isa = XCBuildConfiguration;
			buildSettings = {
				ALWAYS_SEARCH_USER_PATHS = NO;
				CLANG_CXX_LANGUAGE_STANDARD = "gnu++0x";
				CLANG_CXX_LIBRARY = "libc++";
				CLANG_ENABLE_MODULES = YES;
				CLANG_ENABLE_OBJC_ARC = YES;
				CLANG_WARN_BOOL_CONVERSION = YES;
				CLANG_WARN_CONSTANT_CONVERSION = YES;
				CLANG_WARN_DIRECT_OBJC_ISA_USAGE = YES_ERROR;
				CLANG_WARN_EMPTY_BODY = YES;
				CLANG_WARN_ENUM_CONVERSION = YES;
				CLANG_WARN_INT_CONVERSION = YES;
				CLANG_WARN_OBJC_ROOT_CLASS = YES_ERROR;
				CLANG_WARN_UNREACHABLE_CODE = YES;
				CLANG_WARN__DUPLICATE_METHOD_MATCH = YES;
				"CODE_SIGN_IDENTITY[sdk=iphoneos*]" = "iPhone Developer";
				COPY_PHASE_STRIP = NO;
				DEBUG_INFORMATION_FORMAT = "dwarf-with-dsym";
				ENABLE_NS_ASSERTIONS = NO;
				ENABLE_STRICT_OBJC_MSGSEND = YES;
				FRAMEWORK_SEARCH_PATHS = "";
				GCC_C_LANGUAGE_STANDARD = gnu99;
				GCC_NO_COMMON_BLOCKS = YES;
				GCC_WARN_64_TO_32_BIT_CONVERSION = YES;
				GCC_WARN_ABOUT_RETURN_TYPE = YES_ERROR;
				GCC_WARN_UNDECLARED_SELECTOR = YES;
				GCC_WARN_UNINITIALIZED_AUTOS = YES_AGGRESSIVE;
				GCC_WARN_UNUSED_FUNCTION = YES;
				GCC_WARN_UNUSED_VARIABLE = YES;
				IPHONEOS_DEPLOYMENT_TARGET = 8.3;
				MTL_ENABLE_DEBUG_INFO = NO;
				SDKROOT = iphoneos;
				VALIDATE_PRODUCT = YES;
			};
			name = Release;
		};
		29107A5B1B271FB6007AB752 /* Debug */ = {
			isa = XCBuildConfiguration;
			buildSettings = {
				ASSETCATALOG_COMPILER_APPICON_NAME = AppIcon;
				ENABLE_BITCODE = NO;
				FRAMEWORK_SEARCH_PATHS = (
					"$(inherited)",
					"$(PROJECT_DIR)/TimeTree/Frameworks",
					"$(PROJECT_DIR)/TimeTree/Framewoks",
				);
				INFOPLIST_FILE = TimeTree/Info.plist;
				LD_RUNPATH_SEARCH_PATHS = "$(inherited) @executable_path/Frameworks";
				OTHER_LDFLAGS = "";
				PRODUCT_NAME = "$(TARGET_NAME)";
			};
			name = Debug;
		};
		29107A5C1B271FB6007AB752 /* Release */ = {
			isa = XCBuildConfiguration;
			buildSettings = {
				ASSETCATALOG_COMPILER_APPICON_NAME = AppIcon;
				ENABLE_BITCODE = NO;
				FRAMEWORK_SEARCH_PATHS = (
					"$(inherited)",
					"$(PROJECT_DIR)/TimeTree/Frameworks",
					"$(PROJECT_DIR)/TimeTree/Framewoks",
				);
				INFOPLIST_FILE = TimeTree/Info.plist;
				LD_RUNPATH_SEARCH_PATHS = "$(inherited) @executable_path/Frameworks";
				OTHER_LDFLAGS = "";
				PRODUCT_NAME = "$(TARGET_NAME)";
			};
			name = Release;
		};
		29107A5E1B271FB6007AB752 /* Debug */ = {
			isa = XCBuildConfiguration;
			buildSettings = {
				BUNDLE_LOADER = "$(TEST_HOST)";
				FRAMEWORK_SEARCH_PATHS = (
					"$(SDKROOT)/Developer/Library/Frameworks",
					"$(inherited)",
				);
				GCC_PREPROCESSOR_DEFINITIONS = (
					"DEBUG=1",
					"$(inherited)",
				);
				INFOPLIST_FILE = TimeTreeTests/Info.plist;
				LD_RUNPATH_SEARCH_PATHS = "$(inherited) @executable_path/Frameworks @loader_path/Frameworks";
				PRODUCT_NAME = "$(TARGET_NAME)";
				TEST_HOST = "$(BUILT_PRODUCTS_DIR)/TimeTree.app/TimeTree";
			};
			name = Debug;
		};
		29107A5F1B271FB6007AB752 /* Release */ = {
			isa = XCBuildConfiguration;
			buildSettings = {
				BUNDLE_LOADER = "$(TEST_HOST)";
				FRAMEWORK_SEARCH_PATHS = (
					"$(SDKROOT)/Developer/Library/Frameworks",
					"$(inherited)",
				);
				INFOPLIST_FILE = TimeTreeTests/Info.plist;
				LD_RUNPATH_SEARCH_PATHS = "$(inherited) @executable_path/Frameworks @loader_path/Frameworks";
				PRODUCT_NAME = "$(TARGET_NAME)";
				TEST_HOST = "$(BUILT_PRODUCTS_DIR)/TimeTree.app/TimeTree";
			};
			name = Release;
		};
/* End XCBuildConfiguration section */

/* Begin XCConfigurationList section */
		29107A2F1B271FB6007AB752 /* Build configuration list for PBXProject "TimeTree" */ = {
			isa = XCConfigurationList;
			buildConfigurations = (
				29107A581B271FB6007AB752 /* Debug */,
				29107A591B271FB6007AB752 /* Release */,
			);
			defaultConfigurationIsVisible = 0;
			defaultConfigurationName = Release;
		};
		29107A5A1B271FB6007AB752 /* Build configuration list for PBXNativeTarget "TimeTree" */ = {
			isa = XCConfigurationList;
			buildConfigurations = (
				29107A5B1B271FB6007AB752 /* Debug */,
				29107A5C1B271FB6007AB752 /* Release */,
			);
			defaultConfigurationIsVisible = 0;
			defaultConfigurationName = Release;
		};
		29107A5D1B271FB6007AB752 /* Build configuration list for PBXNativeTarget "TimeTreeTests" */ = {
			isa = XCConfigurationList;
			buildConfigurations = (
				29107A5E1B271FB6007AB752 /* Debug */,
				29107A5F1B271FB6007AB752 /* Release */,
			);
			defaultConfigurationIsVisible = 0;
			defaultConfigurationName = Release;
		};
/* End XCConfigurationList section */

/* Begin XCVersionGroup section */
		29107A3E1B271FB6007AB752 /* TimeTree.xcdatamodeld */ = {
			isa = XCVersionGroup;
			children = (
				29107A3F1B271FB6007AB752 /* TimeTree.xcdatamodel */,
			);
			currentVersion = 29107A3F1B271FB6007AB752 /* TimeTree.xcdatamodel */;
			path = TimeTree.xcdatamodeld;
			sourceTree = "<group>";
			versionGroupType = wrapper.xcdatamodel;
		};
/* End XCVersionGroup section */
	};
	rootObject = 29107A2C1B271FB6007AB752 /* Project object */;
}
